
Microsoft Visual Studio Solution File, Format Version 12.00
# Visual Studio 15
VisualStudioVersion = 15.0.28307.902
MinimumVisualStudioVersion = 10.0.40219.1
Project("{FAE04EC0-301F-11D3-BF4B-00C04F79EFBC}") = "asp_th", "asp_th\asp_th.csproj", "{42AC67AD-3754-47FA-9EA4-0E36397B0DFC}"
EndProject
Project("{FAE04EC0-301F-11D3-BF4B-00C04F79EFBC}") = "asp_th.Domain", "asp_th.Domain\asp_th.Domain.csproj", "{D0E0311A-6508-4864-BCDC-E3FFEBF8E887}"
EndProject
Project("{FAE04EC0-301F-11D3-BF4B-00C04F79EFBC}") = "asp_th.Repository", "asp_th.Repository\asp_th.Repository.csproj", "{AC44C646-950B-4E94-95FC-FC7C07FF314D}"
EndProject
Global
	GlobalSection(SolutionConfigurationPlatforms) = preSolution
		Debug|Any CPU = Debug|Any CPU
		Release|Any CPU = Release|Any CPU
	EndGlobalSection
	GlobalSection(ProjectConfigurationPlatforms) = postSolution
		{42AC67AD-3754-47FA-9EA4-0E36397B0DFC}.Debug|Any CPU.ActiveCfg = Debug|Any CPU
		{42AC67AD-3754-47FA-9EA4-0E36397B0DFC}.Debug|Any CPU.Build.0 = Debug|Any CPU
		{42AC67AD-3754-47FA-9EA4-0E36397B0DFC}.Release|Any CPU.ActiveCfg = Release|Any CPU
		{42AC67AD-3754-47FA-9EA4-0E36397B0DFC}.Release|Any CPU.Build.0 = Release|Any CPU
		{D0E0311A-6508-4864-BCDC-E3FFEBF8E887}.Debug|Any CPU.ActiveCfg = Debug|Any CPU
		{D0E0311A-6508-4864-BCDC-E3FFEBF8E887}.Debug|Any CPU.Build.0 = Debug|Any CPU
		{D0E0311A-6508-4864-BCDC-E3FFEBF8E887}.Release|Any CPU.ActiveCfg = Release|Any CPU
		{D0E0311A-6508-4864-BCDC-E3FFEBF8E887}.Release|Any CPU.Build.0 = Release|Any CPU
		{AC44C646-950B-4E94-95FC-FC7C07FF314D}.Debug|Any CPU.ActiveCfg = Debug|Any CPU
		{AC44C646-950B-4E94-95FC-FC7C07FF314D}.Debug|Any CPU.Build.0 = Debug|Any CPU
		{AC44C646-950B-4E94-95FC-FC7C07FF314D}.Release|Any CPU.ActiveCfg = Release|Any CPU
		{AC44C646-950B-4E94-95FC-FC7C07FF314D}.Release|Any CPU.Build.0 = Release|Any CPU
	EndGlobalSection
	GlobalSection(SolutionProperties) = preSolution
		HideSolutionNode = FALSE
	EndGlobalSection
	GlobalSection(ExtensibilityGlobals) = postSolution
		SolutionGuid = {668796E8-F74E-4AE8-AAD7-52F0089F6082}
	EndGlobalSection
EndGlobal
